PODS:
  - UPCarouselFlowLayout (1.1.2)

DEPENDENCIES:
  - UPCarouselFlowLayout

SPEC REPOS:
  https://github.com/cocoapods/specs.git:
    - UPCarouselFlowLayout

SPEC CHECKSUMS:
  UPCarouselFlowLayout: 4c7d2c43a10ebb1597bde502a53699d378341dad

PODFILE CHECKSUM: 8ea2bc4e90a0e84f7bbb3b63ad163ac1fd5831d2

COCOAPODS: 1.5.3
