// !$*UTF8*$!
{
	archiveVersion = 1;
	classes = {
	};
	objectVersion = 50;
	objects = {

/* Begin PBXBuildFile section */
		1500798122D2292B00E9F333 /* SearchPopupViewController.swift in Sources */ = {isa = PBXBuildFile; fileRef = 1500798022D2292B00E9F333 /* SearchPopupViewController.swift */; };
		150079A622D2FC2F00E9F333 /* OurMeViewController.swift in Sources */ = {isa = PBXBuildFile; fileRef = 150079A522D2FC2F00E9F333 /* OurMeViewController.swift */; };
		150079A822D30B0000E9F333 /* OurMe1TableViewCell.swift in Sources */ = {isa = PBXBuildFile; fileRef = 150079A722D30B0000E9F333 /* OurMe1TableViewCell.swift */; };
		150079AC22D30B3600E9F333 /* OurMe2TableViewCell.swift in Sources */ = {isa = PBXBuildFile; fileRef = 150079AB22D30B3600E9F333 /* OurMe2TableViewCell.swift */; };
		1525273222CFF90300807845 /* PopularTableViewCell.swift in Sources */ = {isa = PBXBuildFile; fileRef = 1525273122CFF90300807845 /* PopularTableViewCell.swift */; };
		1525273422D04B6D00807845 /* SearchTableViewController.swift in Sources */ = {isa = PBXBuildFile; fileRef = 1525273322D04B6D00807845 /* SearchTableViewController.swift */; };
		1525273622D04CC400807845 /* SearchTableViewCell.swift in Sources */ = {isa = PBXBuildFile; fileRef = 1525273522D04CC400807845 /* SearchTableViewCell.swift */; };
		1525273822D04D9400807845 /* Challenge.swift in Sources */ = {isa = PBXBuildFile; fileRef = 1525273722D04D9400807845 /* Challenge.swift */; };
		1525273A22D0637900807845 /* ProfileViewController.swift in Sources */ = {isa = PBXBuildFile; fileRef = 1525273922D0637900807845 /* ProfileViewController.swift */; };
		154F4A5322D35DF900905F1C /* WholeCategoryViewController.swift in Sources */ = {isa = PBXBuildFile; fileRef = 154F4A5222D35DF900905F1C /* WholeCategoryViewController.swift */; };
		154F4A5522D3611400905F1C /* WholeCategory1TableViewCell.swift in Sources */ = {isa = PBXBuildFile; fileRef = 154F4A5422D3611400905F1C /* WholeCategory1TableViewCell.swift */; };
		154F4A5722D3612000905F1C /* WholeCategory2TableViewCell.swift in Sources */ = {isa = PBXBuildFile; fileRef = 154F4A5622D3612000905F1C /* WholeCategory2TableViewCell.swift */; };
		155188E922CC7ABD00D46663 /* AppDelegate.swift in Sources */ = {isa = PBXBuildFile; fileRef = 155188E822CC7ABD00D46663 /* AppDelegate.swift */; };
		155188EB22CC7ABD00D46663 /* ViewController.swift in Sources */ = {isa = PBXBuildFile; fileRef = 155188EA22CC7ABD00D46663 /* ViewController.swift */; };
		155188EE22CC7ABD00D46663 /* Main.storyboard in Resources */ = {isa = PBXBuildFile; fileRef = 155188EC22CC7ABD00D46663 /* Main.storyboard */; };
		155188F022CC7ABF00D46663 /* Assets.xcassets in Resources */ = {isa = PBXBuildFile; fileRef = 155188EF22CC7ABF00D46663 /* Assets.xcassets */; };
		155188F322CC7ABF00D46663 /* LaunchScreen.storyboard in Resources */ = {isa = PBXBuildFile; fileRef = 155188F122CC7ABF00D46663 /* LaunchScreen.storyboard */; };
		155188FB22CC7D6C00D46663 /* UPCarouselFlowLayout.swift in Sources */ = {isa = PBXBuildFile; fileRef = 155188FA22CC7D6C00D46663 /* UPCarouselFlowLayout.swift */; };
		155188FD22CC7DF000D46663 /* GradientView.swift in Sources */ = {isa = PBXBuildFile; fileRef = 155188FC22CC7DF000D46663 /* GradientView.swift */; };
		155188FF22CC7EE000D46663 /* UPCarouselCollectionViewCell.swift in Sources */ = {isa = PBXBuildFile; fileRef = 155188FE22CC7EE000D46663 /* UPCarouselCollectionViewCell.swift */; };
		1551890122CC8E8700D46663 /* Character.swift in Sources */ = {isa = PBXBuildFile; fileRef = 1551890022CC8E8700D46663 /* Character.swift */; };
		1551890B22CCA19100D46663 /* NanumSquareOTFExtraBold.otf in Resources */ = {isa = PBXBuildFile; fileRef = 1551890722CCA19000D46663 /* NanumSquareOTFExtraBold.otf */; };
		1551890C22CCA19100D46663 /* NanumSquareOTFRegular.otf in Resources */ = {isa = PBXBuildFile; fileRef = 1551890822CCA19000D46663 /* NanumSquareOTFRegular.otf */; };
		1551890D22CCA19100D46663 /* NanumSquareOTFLight.otf in Resources */ = {isa = PBXBuildFile; fileRef = 1551890922CCA19000D46663 /* NanumSquareOTFLight.otf */; };
		1551890E22CCA19100D46663 /* NanumSquareOTFBold.otf in Resources */ = {isa = PBXBuildFile; fileRef = 1551890A22CCA19100D46663 /* NanumSquareOTFBold.otf */; };
		1551891022CCA29D00D46663 /* Whole.storyboard in Resources */ = {isa = PBXBuildFile; fileRef = 1551890F22CCA29D00D46663 /* Whole.storyboard */; };
		1551891222CCA2A900D46663 /* Our.storyboard in Resources */ = {isa = PBXBuildFile; fileRef = 1551891122CCA2A900D46663 /* Our.storyboard */; };
		1551891422CCA2BA00D46663 /* Mypage.storyboard in Resources */ = {isa = PBXBuildFile; fileRef = 1551891322CCA2BA00D46663 /* Mypage.storyboard */; };
		1551891622CCA3D600D46663 /* WholeViewController.swift in Sources */ = {isa = PBXBuildFile; fileRef = 1551891522CCA3D600D46663 /* WholeViewController.swift */; };
		1551891822CCA3E000D46663 /* OurViewController.swift in Sources */ = {isa = PBXBuildFile; fileRef = 1551891722CCA3E000D46663 /* OurViewController.swift */; };
		1551891A22CCA3EC00D46663 /* MypageViewController.swift in Sources */ = {isa = PBXBuildFile; fileRef = 1551891922CCA3EB00D46663 /* MypageViewController.swift */; };
		1551891C22CCC0C700D46663 /* MagazineTableViewCell.swift in Sources */ = {isa = PBXBuildFile; fileRef = 1551891B22CCC0C600D46663 /* MagazineTableViewCell.swift */; };
		1551892322CF2C4400D46663 /* Sign.storyboard in Resources */ = {isa = PBXBuildFile; fileRef = 1551892222CF2C4400D46663 /* Sign.storyboard */; };
		1551892522CF2FFF00D46663 /* LoginViewController.swift in Sources */ = {isa = PBXBuildFile; fileRef = 1551892422CF2FFF00D46663 /* LoginViewController.swift */; };
		1551892722CF33CB00D46663 /* SignViewController.swift in Sources */ = {isa = PBXBuildFile; fileRef = 1551892622CF33CB00D46663 /* SignViewController.swift */; };
		1551892A22CF455700D46663 /* CertificateViewController.swift in Sources */ = {isa = PBXBuildFile; fileRef = 1551892922CF455700D46663 /* CertificateViewController.swift */; };
		1551892C22CF4F5D00D46663 /* Create1ViewController.swift in Sources */ = {isa = PBXBuildFile; fileRef = 1551892B22CF4F5D00D46663 /* Create1ViewController.swift */; };
		1551892E22CF4F6800D46663 /* Create2ViewController.swift in Sources */ = {isa = PBXBuildFile; fileRef = 1551892D22CF4F6800D46663 /* Create2ViewController.swift */; };
		1551893022CF5E4D00D46663 /* Create3ViewController.swift in Sources */ = {isa = PBXBuildFile; fileRef = 1551892F22CF5E4D00D46663 /* Create3ViewController.swift */; };
		1558291422D4DB66005F9D05 /* CertificateAllViewController.swift in Sources */ = {isa = PBXBuildFile; fileRef = 1558291322D4DB66005F9D05 /* CertificateAllViewController.swift */; };
		1558291622D4DE0B005F9D05 /* CertificateAllCollectionViewCell.swift in Sources */ = {isa = PBXBuildFile; fileRef = 1558291522D4DE0B005F9D05 /* CertificateAllCollectionViewCell.swift */; };
		15A8B9B922D326B900D0896C /* OurFriendViewController.swift in Sources */ = {isa = PBXBuildFile; fileRef = 15A8B9B822D326B900D0896C /* OurFriendViewController.swift */; };
		15A8B9BB22D3290600D0896C /* OurFriendCollectionViewCell.swift in Sources */ = {isa = PBXBuildFile; fileRef = 15A8B9BA22D3290600D0896C /* OurFriendCollectionViewCell.swift */; };
		15A8B9BD22D334C400D0896C /* AddFriendViewController.swift in Sources */ = {isa = PBXBuildFile; fileRef = 15A8B9BC22D334C400D0896C /* AddFriendViewController.swift */; };
		15A8B9BF22D337AC00D0896C /* AddFriendDetailViewController.swift in Sources */ = {isa = PBXBuildFile; fileRef = 15A8B9BE22D337AC00D0896C /* AddFriendDetailViewController.swift */; };
		15C855B822D5E25A0024EC60 /* APIService.swift in Sources */ = {isa = PBXBuildFile; fileRef = 15C855B722D5E25A0024EC60 /* APIService.swift */; };
		15EE30C122D5AF9B00244ACD /* MyChallengeTableViewCell.swift in Sources */ = {isa = PBXBuildFile; fileRef = 15EE30C022D5AF9B00244ACD /* MyChallengeTableViewCell.swift */; };
		15EE30C322D5AFC300244ACD /* MyChallengeViewController.swift in Sources */ = {isa = PBXBuildFile; fileRef = 15EE30C222D5AFC300244ACD /* MyChallengeViewController.swift */; };
		15FC3A5622CF670E0020D34F /* Create4ViewController.swift in Sources */ = {isa = PBXBuildFile; fileRef = 15FC3A5522CF670E0020D34F /* Create4ViewController.swift */; };
		15FC3A5822CF6A2A0020D34F /* Create5ViewController.swift in Sources */ = {isa = PBXBuildFile; fileRef = 15FC3A5722CF6A2A0020D34F /* Create5ViewController.swift */; };
		15FC3A5A22CF86650020D34F /* Create6ViewController.swift in Sources */ = {isa = PBXBuildFile; fileRef = 15FC3A5922CF86650020D34F /* Create6ViewController.swift */; };
		50B9BC1D90508828B626507A /* Pods_URTH.framework in Frameworks */ = {isa = PBXBuildFile; fileRef = 0876142674B459C3184AC188 /* Pods_URTH.framework */; };
/* End PBXBuildFile section */

/* Begin PBXFileReference section */
		0876142674B459C3184AC188 /* Pods_URTH.framework */ = {isa = PBXFileReference; explicitFileType = wrapper.framework; includeInIndex = 0; path = Pods_URTH.framework; sourceTree = BUILT_PRODUCTS_DIR; };
		1500798022D2292B00E9F333 /* SearchPopupViewController.swift */ = {isa = PBXFileReference; lastKnownFileType = sourcecode.swift; path = SearchPopupViewController.swift; sourceTree = "<group>"; };
		150079A522D2FC2F00E9F333 /* OurMeViewController.swift */ = {isa = PBXFileReference; lastKnownFileType = sourcecode.swift; path = OurMeViewController.swift; sourceTree = "<group>"; };
		150079A722D30B0000E9F333 /* OurMe1TableViewCell.swift */ = {isa = PBXFileReference; lastKnownFileType = sourcecode.swift; path = OurMe1TableViewCell.swift; sourceTree = "<group>"; };
		150079AB22D30B3600E9F333 /* OurMe2TableViewCell.swift */ = {isa = PBXFileReference; lastKnownFileType = sourcecode.swift; path = OurMe2TableViewCell.swift; sourceTree = "<group>"; };
		1525273122CFF90300807845 /* PopularTableViewCell.swift */ = {isa = PBXFileReference; lastKnownFileType = sourcecode.swift; path = PopularTableViewCell.swift; sourceTree = "<group>"; };
		1525273322D04B6D00807845 /* SearchTableViewController.swift */ = {isa = PBXFileReference; lastKnownFileType = sourcecode.swift; path = SearchTableViewController.swift; sourceTree = "<group>"; };
		1525273522D04CC400807845 /* SearchTableViewCell.swift */ = {isa = PBXFileReference; lastKnownFileType = sourcecode.swift; path = SearchTableViewCell.swift; sourceTree = "<group>"; };
		1525273722D04D9400807845 /* Challenge.swift */ = {isa = PBXFileReference; lastKnownFileType = sourcecode.swift; path = Challenge.swift; sourceTree = "<group>"; };
		1525273922D0637900807845 /* ProfileViewController.swift */ = {isa = PBXFileReference; lastKnownFileType = sourcecode.swift; path = ProfileViewController.swift; sourceTree = "<group>"; };
		154F4A5222D35DF900905F1C /* WholeCategoryViewController.swift */ = {isa = PBXFileReference; lastKnownFileType = sourcecode.swift; path = WholeCategoryViewController.swift; sourceTree = "<group>"; };
		154F4A5422D3611400905F1C /* WholeCategory1TableViewCell.swift */ = {isa = PBXFileReference; lastKnownFileType = sourcecode.swift; path = WholeCategory1TableViewCell.swift; sourceTree = "<group>"; };
		154F4A5622D3612000905F1C /* WholeCategory2TableViewCell.swift */ = {isa = PBXFileReference; lastKnownFileType = sourcecode.swift; path = WholeCategory2TableViewCell.swift; sourceTree = "<group>"; };
		155188E522CC7ABD00D46663 /* URTH.app */ = {isa = PBXFileReference; explicitFileType = wrapper.application; includeInIndex = 0; path = URTH.app; sourceTree = BUILT_PRODUCTS_DIR; };
		155188E822CC7ABD00D46663 /* AppDelegate.swift */ = {isa = PBXFileReference; lastKnownFileType = sourcecode.swift; path = AppDelegate.swift; sourceTree = "<group>"; };
		155188EA22CC7ABD00D46663 /* ViewController.swift */ = {isa = PBXFileReference; lastKnownFileType = sourcecode.swift; path = ViewController.swift; sourceTree = "<group>"; };
		155188ED22CC7ABD00D46663 /* Base */ = {isa = PBXFileReference; lastKnownFileType = file.storyboard; name = Base; path = Base.lproj/Main.storyboard; sourceTree = "<group>"; };
		155188EF22CC7ABF00D46663 /* Assets.xcassets */ = {isa = PBXFileReference; lastKnownFileType = folder.assetcatalog; path = Assets.xcassets; sourceTree = "<group>"; };
		155188F222CC7ABF00D46663 /* Base */ = {isa = PBXFileReference; lastKnownFileType = file.storyboard; name = Base; path = Base.lproj/LaunchScreen.storyboard; sourceTree = "<group>"; };
		155188F422CC7ABF00D46663 /* Info.plist */ = {isa = PBXFileReference; lastKnownFileType = text.plist.xml; path = Info.plist; sourceTree = "<group>"; };
		155188FA22CC7D6C00D46663 /* UPCarouselFlowLayout.swift */ = {isa = PBXFileReference; lastKnownFileType = sourcecode.swift; path = UPCarouselFlowLayout.swift; sourceTree = "<group>"; };
		155188FC22CC7DF000D46663 /* GradientView.swift */ = {isa = PBXFileReference; lastKnownFileType = sourcecode.swift; path = GradientView.swift; sourceTree = "<group>"; };
		155188FE22CC7EE000D46663 /* UPCarouselCollectionViewCell.swift */ = {isa = PBXFileReference; lastKnownFileType = sourcecode.swift; path = UPCarouselCollectionViewCell.swift; sourceTree = "<group>"; };
		1551890022CC8E8700D46663 /* Character.swift */ = {isa = PBXFileReference; lastKnownFileType = sourcecode.swift; path = Character.swift; sourceTree = "<group>"; };
		1551890722CCA19000D46663 /* NanumSquareOTFExtraBold.otf */ = {isa = PBXFileReference; lastKnownFileType = file; path = NanumSquareOTFExtraBold.otf; sourceTree = "<group>"; };
		1551890822CCA19000D46663 /* NanumSquareOTFRegular.otf */ = {isa = PBXFileReference; lastKnownFileType = file; path = NanumSquareOTFRegular.otf; sourceTree = "<group>"; };
		1551890922CCA19000D46663 /* NanumSquareOTFLight.otf */ = {isa = PBXFileReference; lastKnownFileType = file; path = NanumSquareOTFLight.otf; sourceTree = "<group>"; };
		1551890A22CCA19100D46663 /* NanumSquareOTFBold.otf */ = {isa = PBXFileReference; lastKnownFileType = file; path = NanumSquareOTFBold.otf; sourceTree = "<group>"; };
		1551890F22CCA29D00D46663 /* Whole.storyboard */ = {isa = PBXFileReference; lastKnownFileType = file.storyboard; path = Whole.storyboard; sourceTree = "<group>"; };
		1551891122CCA2A900D46663 /* Our.storyboard */ = {isa = PBXFileReference; lastKnownFileType = file.storyboard; path = Our.storyboard; sourceTree = "<group>"; };
		1551891322CCA2BA00D46663 /* Mypage.storyboard */ = {isa = PBXFileReference; lastKnownFileType = file.storyboard; path = Mypage.storyboard; sourceTree = "<group>"; };
		1551891522CCA3D600D46663 /* WholeViewController.swift */ = {isa = PBXFileReference; lastKnownFileType = sourcecode.swift; path = WholeViewController.swift; sourceTree = "<group>"; };
		1551891722CCA3E000D46663 /* OurViewController.swift */ = {isa = PBXFileReference; lastKnownFileType = sourcecode.swift; path = OurViewController.swift; sourceTree = "<group>"; };
		1551891922CCA3EB00D46663 /* MypageViewController.swift */ = {isa = PBXFileReference; lastKnownFileType = sourcecode.swift; path = MypageViewController.swift; sourceTree = "<group>"; };
		1551891B22CCC0C600D46663 /* MagazineTableViewCell.swift */ = {isa = PBXFileReference; lastKnownFileType = sourcecode.swift; path = MagazineTableViewCell.swift; sourceTree = "<group>"; };
		1551892222CF2C4400D46663 /* Sign.storyboard */ = {isa = PBXFileReference; lastKnownFileType = file.storyboard; path = Sign.storyboard; sourceTree = "<group>"; };
		1551892422CF2FFF00D46663 /* LoginViewController.swift */ = {isa = PBXFileReference; lastKnownFileType = sourcecode.swift; path = LoginViewController.swift; sourceTree = "<group>"; };
		1551892622CF33CB00D46663 /* SignViewController.swift */ = {isa = PBXFileReference; lastKnownFileType = sourcecode.swift; path = SignViewController.swift; sourceTree = "<group>"; };
		1551892922CF455700D46663 /* CertificateViewController.swift */ = {isa = PBXFileReference; lastKnownFileType = sourcecode.swift; path = CertificateViewController.swift; sourceTree = "<group>"; };
		1551892B22CF4F5D00D46663 /* Create1ViewController.swift */ = {isa = PBXFileReference; lastKnownFileType = sourcecode.swift; path = Create1ViewController.swift; sourceTree = "<group>"; };
		1551892D22CF4F6800D46663 /* Create2ViewController.swift */ = {isa = PBXFileReference; lastKnownFileType = sourcecode.swift; path = Create2ViewController.swift; sourceTree = "<group>"; };
		1551892F22CF5E4D00D46663 /* Create3ViewController.swift */ = {isa = PBXFileReference; lastKnownFileType = sourcecode.swift; path = Create3ViewController.swift; sourceTree = "<group>"; };
		1558291322D4DB66005F9D05 /* CertificateAllViewController.swift */ = {isa = PBXFileReference; lastKnownFileType = sourcecode.swift; path = CertificateAllViewController.swift; sourceTree = "<group>"; };
		1558291522D4DE0B005F9D05 /* CertificateAllCollectionViewCell.swift */ = {isa = PBXFileReference; lastKnownFileType = sourcecode.swift; path = CertificateAllCollectionViewCell.swift; sourceTree = "<group>"; };
		15A8B9B822D326B900D0896C /* OurFriendViewController.swift */ = {isa = PBXFileReference; lastKnownFileType = sourcecode.swift; path = OurFriendViewController.swift; sourceTree = "<group>"; };
		15A8B9BA22D3290600D0896C /* OurFriendCollectionViewCell.swift */ = {isa = PBXFileReference; lastKnownFileType = sourcecode.swift; path = OurFriendCollectionViewCell.swift; sourceTree = "<group>"; };
		15A8B9BC22D334C400D0896C /* AddFriendViewController.swift */ = {isa = PBXFileReference; lastKnownFileType = sourcecode.swift; path = AddFriendViewController.swift; sourceTree = "<group>"; };
		15A8B9BE22D337AC00D0896C /* AddFriendDetailViewController.swift */ = {isa = PBXFileReference; lastKnownFileType = sourcecode.swift; path = AddFriendDetailViewController.swift; sourceTree = "<group>"; };
		15C855B722D5E25A0024EC60 /* APIService.swift */ = {isa = PBXFileReference; lastKnownFileType = sourcecode.swift; path = APIService.swift; sourceTree = "<group>"; };
		15EE30C022D5AF9B00244ACD /* MyChallengeTableViewCell.swift */ = {isa = PBXFileReference; lastKnownFileType = sourcecode.swift; path = MyChallengeTableViewCell.swift; sourceTree = "<group>"; };
		15EE30C222D5AFC300244ACD /* MyChallengeViewController.swift */ = {isa = PBXFileReference; lastKnownFileType = sourcecode.swift; path = MyChallengeViewController.swift; sourceTree = "<group>"; };
		15FC3A5522CF670E0020D34F /* Create4ViewController.swift */ = {isa = PBXFileReference; lastKnownFileType = sourcecode.swift; path = Create4ViewController.swift; sourceTree = "<group>"; };
		15FC3A5722CF6A2A0020D34F /* Create5ViewController.swift */ = {isa = PBXFileReference; lastKnownFileType = sourcecode.swift; path = Create5ViewController.swift; sourceTree = "<group>"; };
		15FC3A5922CF86650020D34F /* Create6ViewController.swift */ = {isa = PBXFileReference; lastKnownFileType = sourcecode.swift; path = Create6ViewController.swift; sourceTree = "<group>"; };
		6F36920C52CA1F4DF235EF1E /* Pods-URTH.debug.xcconfig */ = {isa = PBXFileReference; includeInIndex = 1; lastKnownFileType = text.xcconfig; name = "Pods-URTH.debug.xcconfig"; path = "Pods/Target Support Files/Pods-URTH/Pods-URTH.debug.xcconfig"; sourceTree = "<group>"; };
		E56AB25FED611C9182D9CAAE /* Pods-URTH.release.xcconfig */ = {isa = PBXFileReference; includeInIndex = 1; lastKnownFileType = text.xcconfig; name = "Pods-URTH.release.xcconfig"; path = "Pods/Target Support Files/Pods-URTH/Pods-URTH.release.xcconfig"; sourceTree = "<group>"; };
/* End PBXFileReference section */

/* Begin PBXFrameworksBuildPhase section */
		155188E222CC7ABD00D46663 /* Frameworks */ = {
			isa = PBXFrameworksBuildPhase;
			buildActionMask = 2147483647;
			files = (
				50B9BC1D90508828B626507A /* Pods_URTH.framework in Frameworks */,
			);
			runOnlyForDeploymentPostprocessing = 0;
		};
/* End PBXFrameworksBuildPhase section */

/* Begin PBXGroup section */
		155188DC22CC7ABD00D46663 = {
			isa = PBXGroup;
			children = (
				155188E722CC7ABD00D46663 /* URTH */,
				155188E622CC7ABD00D46663 /* Products */,
				D395248D036FA72F0F1FA13A /* Pods */,
				4835059C70B31D4464321FBE /* Frameworks */,
			);
			sourceTree = "<group>";
		};
		155188E622CC7ABD00D46663 /* Products */ = {
			isa = PBXGroup;
			children = (
				155188E522CC7ABD00D46663 /* URTH.app */,
			);
			name = Products;
			sourceTree = "<group>";
		};
		155188E722CC7ABD00D46663 /* URTH */ = {
			isa = PBXGroup;
			children = (
				1551892122CF2BDF00D46663 /* Sign */,
				1551890222CCA04A00D46663 /* Home */,
				1551890322CCA05400D46663 /* Whole */,
				1551890422CCA07500D46663 /* Our */,
				1551890522CCA07B00D46663 /* Mypage */,
				155188E822CC7ABD00D46663 /* AppDelegate.swift */,
				155188EF22CC7ABF00D46663 /* Assets.xcassets */,
				155188F122CC7ABF00D46663 /* LaunchScreen.storyboard */,
				155188F422CC7ABF00D46663 /* Info.plist */,
				15C855B622D5E2450024EC60 /* Service */,
				1551892822CF3DBF00D46663 /* Util */,
				1551890622CCA16500D46663 /* Font */,
			);
			path = URTH;
			sourceTree = "<group>";
		};
		1551890222CCA04A00D46663 /* Home */ = {
			isa = PBXGroup;
			children = (
				155188EC22CC7ABD00D46663 /* Main.storyboard */,
				155188EA22CC7ABD00D46663 /* ViewController.swift */,
				155188FA22CC7D6C00D46663 /* UPCarouselFlowLayout.swift */,
				155188FE22CC7EE000D46663 /* UPCarouselCollectionViewCell.swift */,
				1551891B22CCC0C600D46663 /* MagazineTableViewCell.swift */,
				1551892922CF455700D46663 /* CertificateViewController.swift */,
				1558291322D4DB66005F9D05 /* CertificateAllViewController.swift */,
				1558291522D4DE0B005F9D05 /* CertificateAllCollectionViewCell.swift */,
				15EE30C022D5AF9B00244ACD /* MyChallengeTableViewCell.swift */,
				15EE30C222D5AFC300244ACD /* MyChallengeViewController.swift */,
			);
			path = Home;
			sourceTree = "<group>";
		};
		1551890322CCA05400D46663 /* Whole */ = {
			isa = PBXGroup;
			children = (
				1551890F22CCA29D00D46663 /* Whole.storyboard */,
				1551891522CCA3D600D46663 /* WholeViewController.swift */,
				1551892B22CF4F5D00D46663 /* Create1ViewController.swift */,
				1551892D22CF4F6800D46663 /* Create2ViewController.swift */,
				1551892F22CF5E4D00D46663 /* Create3ViewController.swift */,
				15FC3A5522CF670E0020D34F /* Create4ViewController.swift */,
				15FC3A5722CF6A2A0020D34F /* Create5ViewController.swift */,
				15FC3A5922CF86650020D34F /* Create6ViewController.swift */,
				1525273122CFF90300807845 /* PopularTableViewCell.swift */,
				1525273322D04B6D00807845 /* SearchTableViewController.swift */,
				1525273522D04CC400807845 /* SearchTableViewCell.swift */,
				1525273722D04D9400807845 /* Challenge.swift */,
				1500798022D2292B00E9F333 /* SearchPopupViewController.swift */,
				154F4A5222D35DF900905F1C /* WholeCategoryViewController.swift */,
				154F4A5422D3611400905F1C /* WholeCategory1TableViewCell.swift */,
				154F4A5622D3612000905F1C /* WholeCategory2TableViewCell.swift */,
			);
			path = Whole;
			sourceTree = "<group>";
		};
		1551890422CCA07500D46663 /* Our */ = {
			isa = PBXGroup;
			children = (
				1551891122CCA2A900D46663 /* Our.storyboard */,
				1551891722CCA3E000D46663 /* OurViewController.swift */,
				150079A522D2FC2F00E9F333 /* OurMeViewController.swift */,
				150079A722D30B0000E9F333 /* OurMe1TableViewCell.swift */,
				150079AB22D30B3600E9F333 /* OurMe2TableViewCell.swift */,
				15A8B9B822D326B900D0896C /* OurFriendViewController.swift */,
				15A8B9BA22D3290600D0896C /* OurFriendCollectionViewCell.swift */,
				15A8B9BC22D334C400D0896C /* AddFriendViewController.swift */,
				15A8B9BE22D337AC00D0896C /* AddFriendDetailViewController.swift */,
			);
			path = Our;
			sourceTree = "<group>";
		};
		1551890522CCA07B00D46663 /* Mypage */ = {
			isa = PBXGroup;
			children = (
				1551891322CCA2BA00D46663 /* Mypage.storyboard */,
				1551891922CCA3EB00D46663 /* MypageViewController.swift */,
				1525273922D0637900807845 /* ProfileViewController.swift */,
			);
			path = Mypage;
			sourceTree = "<group>";
		};
		1551890622CCA16500D46663 /* Font */ = {
			isa = PBXGroup;
			children = (
				1551890A22CCA19100D46663 /* NanumSquareOTFBold.otf */,
				1551890722CCA19000D46663 /* NanumSquareOTFExtraBold.otf */,
				1551890922CCA19000D46663 /* NanumSquareOTFLight.otf */,
				1551890822CCA19000D46663 /* NanumSquareOTFRegular.otf */,
			);
			path = Font;
			sourceTree = "<group>";
		};
		1551892122CF2BDF00D46663 /* Sign */ = {
			isa = PBXGroup;
			children = (
				1551892222CF2C4400D46663 /* Sign.storyboard */,
				1551892422CF2FFF00D46663 /* LoginViewController.swift */,
				1551892622CF33CB00D46663 /* SignViewController.swift */,
			);
			path = Sign;
			sourceTree = "<group>";
		};
		1551892822CF3DBF00D46663 /* Util */ = {
			isa = PBXGroup;
			children = (
				1551890022CC8E8700D46663 /* Character.swift */,
				155188FC22CC7DF000D46663 /* GradientView.swift */,
			);
			path = Util;
			sourceTree = "<group>";
		};
		15C855B622D5E2450024EC60 /* Service */ = {
			isa = PBXGroup;
			children = (
				15C855B722D5E25A0024EC60 /* APIService.swift */,
			);
			path = Service;
			sourceTree = "<group>";
		};
		4835059C70B31D4464321FBE /* Frameworks */ = {
			isa = PBXGroup;
			children = (
				0876142674B459C3184AC188 /* Pods_URTH.framework */,
			);
			name = Frameworks;
			sourceTree = "<group>";
		};
		D395248D036FA72F0F1FA13A /* Pods */ = {
			isa = PBXGroup;
			children = (
				6F36920C52CA1F4DF235EF1E /* Pods-URTH.debug.xcconfig */,
				E56AB25FED611C9182D9CAAE /* Pods-URTH.release.xcconfig */,
			);
			name = Pods;
			sourceTree = "<group>";
		};
/* End PBXGroup section */

/* Begin PBXNativeTarget section */
		155188E422CC7ABD00D46663 /* URTH */ = {
			isa = PBXNativeTarget;
			buildConfigurationList = 155188F722CC7ABF00D46663 /* Build configuration list for PBXNativeTarget "URTH" */;
			buildPhases = (
				5FD1409D9AC95CD1E78C93DC /* [CP] Check Pods Manifest.lock */,
				155188E122CC7ABD00D46663 /* Sources */,
				155188E222CC7ABD00D46663 /* Frameworks */,
				155188E322CC7ABD00D46663 /* Resources */,
				EA722760CCAF4909CF3D07BE /* [CP] Embed Pods Frameworks */,
			);
			buildRules = (
			);
			dependencies = (
			);
			name = URTH;
			productName = URTH;
			productReference = 155188E522CC7ABD00D46663 /* URTH.app */;
			productType = "com.apple.product-type.application";
		};
/* End PBXNativeTarget section */

/* Begin PBXProject section */
		155188DD22CC7ABD00D46663 /* Project object */ = {
			isa = PBXProject;
			attributes = {
				LastSwiftUpdateCheck = 1020;
				LastUpgradeCheck = 1020;
				ORGANIZATIONNAME = "장용범";
				TargetAttributes = {
					155188E422CC7ABD00D46663 = {
						CreatedOnToolsVersion = 10.2.1;
					};
				};
			};
			buildConfigurationList = 155188E022CC7ABD00D46663 /* Build configuration list for PBXProject "URTH" */;
			compatibilityVersion = "Xcode 9.3";
			developmentRegion = en;
			hasScannedForEncodings = 0;
			knownRegions = (
				en,
				Base,
			);
			mainGroup = 155188DC22CC7ABD00D46663;
			productRefGroup = 155188E622CC7ABD00D46663 /* Products */;
			projectDirPath = "";
			projectRoot = "";
			targets = (
				155188E422CC7ABD00D46663 /* URTH */,
			);
		};
/* End PBXProject section */

/* Begin PBXResourcesBuildPhase section */
		155188E322CC7ABD00D46663 /* Resources */ = {
			isa = PBXResourcesBuildPhase;
			buildActionMask = 2147483647;
			files = (
				1551890B22CCA19100D46663 /* NanumSquareOTFExtraBold.otf in Resources */,
				1551890D22CCA19100D46663 /* NanumSquareOTFLight.otf in Resources */,
				155188F322CC7ABF00D46663 /* LaunchScreen.storyboard in Resources */,
				1551892322CF2C4400D46663 /* Sign.storyboard in Resources */,
				1551890C22CCA19100D46663 /* NanumSquareOTFRegular.otf in Resources */,
				1551890E22CCA19100D46663 /* NanumSquareOTFBold.otf in Resources */,
				155188F022CC7ABF00D46663 /* Assets.xcassets in Resources */,
				1551891022CCA29D00D46663 /* Whole.storyboard in Resources */,
				1551891422CCA2BA00D46663 /* Mypage.storyboard in Resources */,
				155188EE22CC7ABD00D46663 /* Main.storyboard in Resources */,
				1551891222CCA2A900D46663 /* Our.storyboard in Resources */,
			);
			runOnlyForDeploymentPostprocessing = 0;
		};
/* End PBXResourcesBuildPhase section */

/* Begin PBXShellScriptBuildPhase section */
		5FD1409D9AC95CD1E78C93DC /* [CP] Check Pods Manifest.lock */ = {
			isa = PBXShellScriptBuildPhase;
			buildActionMask = 2147483647;
			files = (
			);
			inputFileListPaths = (
			);
			inputPaths = (
				"${PODS_PODFILE_DIR_PATH}/Podfile.lock",
				"${PODS_ROOT}/Manifest.lock",
			);
			name = "[CP] Check Pods Manifest.lock";
			outputFileListPaths = (
			);
			outputPaths = (
				"$(DERIVED_FILE_DIR)/Pods-URTH-checkManifestLockResult.txt",
			);
			runOnlyForDeploymentPostprocessing = 0;
			shellPath = /bin/sh;
			shellScript = "diff \"${PODS_PODFILE_DIR_PATH}/Podfile.lock\" \"${PODS_ROOT}/Manifest.lock\" > /dev/null\nif [ $? != 0 ] ; then\n    # print error to STDERR\n    echo \"error: The sandbox is not in sync with the Podfile.lock. Run 'pod install' or update your CocoaPods installation.\" >&2\n    exit 1\nfi\n# This output is used by Xcode 'outputs' to avoid re-running this script phase.\necho \"SUCCESS\" > \"${SCRIPT_OUTPUT_FILE_0}\"\n";
			showEnvVarsInLog = 0;
		};
		EA722760CCAF4909CF3D07BE /* [CP] Embed Pods Frameworks */ = {
			isa = PBXShellScriptBuildPhase;
			buildActionMask = 2147483647;
			files = (
			);
			inputFileListPaths = (
			);
			inputPaths = (
				"${SRCROOT}/Pods/Target Support Files/Pods-URTH/Pods-URTH-frameworks.sh",
				"${BUILT_PRODUCTS_DIR}/Alamofire/Alamofire.framework",
				"${BUILT_PRODUCTS_DIR}/Floaty/Floaty.framework",
				"${BUILT_PRODUCTS_DIR}/Kingfisher/Kingfisher.framework",
				"${BUILT_PRODUCTS_DIR}/MTCircularSlider/MTCircularSlider.framework",
				"${BUILT_PRODUCTS_DIR}/SwiftyJSON/SwiftyJSON.framework",
				"${BUILT_PRODUCTS_DIR}/TKRadarChart/TKRadarChart.framework",
				"${BUILT_PRODUCTS_DIR}/UPCarouselFlowLayout/UPCarouselFlowLayout.framework",
				"${BUILT_PRODUCTS_DIR}/XLPagerTabStrip/XLPagerTabStrip.framework",
			);
			name = "[CP] Embed Pods Frameworks";
			outputFileListPaths = (
			);
			outputPaths = (
				"${TARGET_BUILD_DIR}/${FRAMEWORKS_FOLDER_PATH}/Alamofire.framework",
				"${TARGET_BUILD_DIR}/${FRAMEWORKS_FOLDER_PATH}/Floaty.framework",
				"${TARGET_BUILD_DIR}/${FRAMEWORKS_FOLDER_PATH}/Kingfisher.framework",
				"${TARGET_BUILD_DIR}/${FRAMEWORKS_FOLDER_PATH}/MTCircularSlider.framework",
				"${TARGET_BUILD_DIR}/${FRAMEWORKS_FOLDER_PATH}/SwiftyJSON.framework",
				"${TARGET_BUILD_DIR}/${FRAMEWORKS_FOLDER_PATH}/TKRadarChart.framework",
				"${TARGET_BUILD_DIR}/${FRAMEWORKS_FOLDER_PATH}/UPCarouselFlowLayout.framework",
				"${TARGET_BUILD_DIR}/${FRAMEWORKS_FOLDER_PATH}/XLPagerTabStrip.framework",
			);
			runOnlyForDeploymentPostprocessing = 0;
			shellPath = /bin/sh;
			shellScript = "\"${SRCROOT}/Pods/Target Support Files/Pods-URTH/Pods-URTH-frameworks.sh\"\n";
			showEnvVarsInLog = 0;
		};
/* End PBXShellScriptBuildPhase section */

/* Begin PBXSourcesBuildPhase section */
		155188E122CC7ABD00D46663 /* Sources */ = {
			isa = PBXSourcesBuildPhase;
			buildActionMask = 2147483647;
			files = (
				1558291422D4DB66005F9D05 /* CertificateAllViewController.swift in Sources */,
				1551892522CF2FFF00D46663 /* LoginViewController.swift in Sources */,
				1551891A22CCA3EC00D46663 /* MypageViewController.swift in Sources */,
				1551892C22CF4F5D00D46663 /* Create1ViewController.swift in Sources */,
				1551891C22CCC0C700D46663 /* MagazineTableViewCell.swift in Sources */,
				15EE30C122D5AF9B00244ACD /* MyChallengeTableViewCell.swift in Sources */,
				15C855B822D5E25A0024EC60 /* APIService.swift in Sources */,
				1525273222CFF90300807845 /* PopularTableViewCell.swift in Sources */,
				1551891622CCA3D600D46663 /* WholeViewController.swift in Sources */,
				15A8B9BB22D3290600D0896C /* OurFriendCollectionViewCell.swift in Sources */,
				15A8B9BF22D337AC00D0896C /* AddFriendDetailViewController.swift in Sources */,
				15FC3A5822CF6A2A0020D34F /* Create5ViewController.swift in Sources */,
				155188EB22CC7ABD00D46663 /* ViewController.swift in Sources */,
				1525273622D04CC400807845 /* SearchTableViewCell.swift in Sources */,
				15FC3A5A22CF86650020D34F /* Create6ViewController.swift in Sources */,
				1551893022CF5E4D00D46663 /* Create3ViewController.swift in Sources */,
				155188FF22CC7EE000D46663 /* UPCarouselCollectionViewCell.swift in Sources */,
				150079A822D30B0000E9F333 /* OurMe1TableViewCell.swift in Sources */,
				1558291622D4DE0B005F9D05 /* CertificateAllCollectionViewCell.swift in Sources */,
				155188E922CC7ABD00D46663 /* AppDelegate.swift in Sources */,
				15EE30C322D5AFC300244ACD /* MyChallengeViewController.swift in Sources */,
				1525273822D04D9400807845 /* Challenge.swift in Sources */,
				150079A622D2FC2F00E9F333 /* OurMeViewController.swift in Sources */,
				154F4A5322D35DF900905F1C /* WholeCategoryViewController.swift in Sources */,
				1551890122CC8E8700D46663 /* Character.swift in Sources */,
				1500798122D2292B00E9F333 /* SearchPopupViewController.swift in Sources */,
				1551892A22CF455700D46663 /* CertificateViewController.swift in Sources */,
				150079AC22D30B3600E9F333 /* OurMe2TableViewCell.swift in Sources */,
				154F4A5522D3611400905F1C /* WholeCategory1TableViewCell.swift in Sources */,
				155188FD22CC7DF000D46663 /* GradientView.swift in Sources */,
				1551892E22CF4F6800D46663 /* Create2ViewController.swift in Sources */,
				155188FB22CC7D6C00D46663 /* UPCarouselFlowLayout.swift in Sources */,
				15A8B9BD22D334C400D0896C /* AddFriendViewController.swift in Sources */,
				1551891822CCA3E000D46663 /* OurViewController.swift in Sources */,
				154F4A5722D3612000905F1C /* WholeCategory2TableViewCell.swift in Sources */,
				1525273422D04B6D00807845 /* SearchTableViewController.swift in Sources */,
				1525273A22D0637900807845 /* ProfileViewController.swift in Sources */,
				1551892722CF33CB00D46663 /* SignViewController.swift in Sources */,
				15FC3A5622CF670E0020D34F /* Create4ViewController.swift in Sources */,
				15A8B9B922D326B900D0896C /* OurFriendViewController.swift in Sources */,
			);
			runOnlyForDeploymentPostprocessing = 0;
		};
/* End PBXSourcesBuildPhase section */

/* Begin PBXVariantGroup section */
		155188EC22CC7ABD00D46663 /* Main.storyboard */ = {
			isa = PBXVariantGroup;
			children = (
				155188ED22CC7ABD00D46663 /* Base */,
			);
			name = Main.storyboard;
			sourceTree = "<group>";
		};
		155188F122CC7ABF00D46663 /* LaunchScreen.storyboard */ = {
			isa = PBXVariantGroup;
			children = (
				155188F222CC7ABF00D46663 /* Base */,
			);
			name = LaunchScreen.storyboard;
			sourceTree = "<group>";
		};
/* End PBXVariantGroup section */

/* Begin XCBuildConfiguration section */
		155188F522CC7ABF00D46663 /* Debug */ = {
			isa = XCBuildConfiguration;
			buildSettings = {
				ALWAYS_SEARCH_USER_PATHS = NO;
				CLANG_ANALYZER_NONNULL = YES;
				CLANG_ANALYZER_NUMBER_OBJECT_CONVERSION = YES_AGGRESSIVE;
				CLANG_CXX_LANGUAGE_STANDARD = "gnu++14";
				CLANG_CXX_LIBRARY = "libc++";
				CLANG_ENABLE_MODULES = YES;
				CLANG_ENABLE_OBJC_ARC = YES;
				CLANG_ENABLE_OBJC_WEAK = YES;
				CLANG_WARN_BLOCK_CAPTURE_AUTORELEASING = YES;
				CLANG_WARN_BOOL_CONVERSION = YES;
				CLANG_WARN_COMMA = YES;
				CLANG_WARN_CONSTANT_CONVERSION = YES;
				CLANG_WARN_DEPRECATED_OBJC_IMPLEMENTATIONS = YES;
				CLANG_WARN_DIRECT_OBJC_ISA_USAGE = YES_ERROR;
				CLANG_WARN_DOCUMENTATION_COMMENTS = YES;
				CLANG_WARN_EMPTY_BODY = YES;
				CLANG_WARN_ENUM_CONVERSION = YES;
				CLANG_WARN_INFINITE_RECURSION = YES;
				CLANG_WARN_INT_CONVERSION = YES;
				CLANG_WARN_NON_LITERAL_NULL_CONVERSION = YES;
				CLANG_WARN_OBJC_IMPLICIT_RETAIN_SELF = YES;
				CLANG_WARN_OBJC_LITERAL_CONVERSION = YES;
				CLANG_WARN_OBJC_ROOT_CLASS = YES_ERROR;
				CLANG_WARN_RANGE_LOOP_ANALYSIS = YES;
				CLANG_WARN_STRICT_PROTOTYPES = YES;
				CLANG_WARN_SUSPICIOUS_MOVE = YES;
				CLANG_WARN_UNGUARDED_AVAILABILITY = YES_AGGRESSIVE;
				CLANG_WARN_UNREACHABLE_CODE = YES;
				CLANG_WARN__DUPLICATE_METHOD_MATCH = YES;
				CODE_SIGN_IDENTITY = "iPhone Developer";
				COPY_PHASE_STRIP = NO;
				DEBUG_INFORMATION_FORMAT = dwarf;
				ENABLE_STRICT_OBJC_MSGSEND = YES;
				ENABLE_TESTABILITY = YES;
				GCC_C_LANGUAGE_STANDARD = gnu11;
				GCC_DYNAMIC_NO_PIC = NO;
				GCC_NO_COMMON_BLOCKS = YES;
				GCC_OPTIMIZATION_LEVEL = 0;
				GCC_PREPROCESSOR_DEFINITIONS = (
					"DEBUG=1",
					"$(inherited)",
				);
				GCC_WARN_64_TO_32_BIT_CONVERSION = YES;
				GCC_WARN_ABOUT_RETURN_TYPE = YES_ERROR;
				GCC_WARN_UNDECLARED_SELECTOR = YES;
				GCC_WARN_UNINITIALIZED_AUTOS = YES_AGGRESSIVE;
				GCC_WARN_UNUSED_FUNCTION = YES;
				GCC_WARN_UNUSED_VARIABLE = YES;
				IPHONEOS_DEPLOYMENT_TARGET = 12.2;
				MTL_ENABLE_DEBUG_INFO = INCLUDE_SOURCE;
				MTL_FAST_MATH = YES;
				ONLY_ACTIVE_ARCH = YES;
				SDKROOT = iphoneos;
				SWIFT_ACTIVE_COMPILATION_CONDITIONS = DEBUG;
				SWIFT_OPTIMIZATION_LEVEL = "-Onone";
			};
			name = Debug;
		};
		155188F622CC7ABF00D46663 /* Release */ = {
			isa = XCBuildConfiguration;
			buildSettings = {
				ALWAYS_SEARCH_USER_PATHS = NO;
				CLANG_ANALYZER_NONNULL = YES;
				CLANG_ANALYZER_NUMBER_OBJECT_CONVERSION = YES_AGGRESSIVE;
				CLANG_CXX_LANGUAGE_STANDARD = "gnu++14";
				CLANG_CXX_LIBRARY = "libc++";
				CLANG_ENABLE_MODULES = YES;
				CLANG_ENABLE_OBJC_ARC = YES;
				CLANG_ENABLE_OBJC_WEAK = YES;
				CLANG_WARN_BLOCK_CAPTURE_AUTORELEASING = YES;
				CLANG_WARN_BOOL_CONVERSION = YES;
				CLANG_WARN_COMMA = YES;
				CLANG_WARN_CONSTANT_CONVERSION = YES;
				CLANG_WARN_DEPRECATED_OBJC_IMPLEMENTATIONS = YES;
				CLANG_WARN_DIRECT_OBJC_ISA_USAGE = YES_ERROR;
				CLANG_WARN_DOCUMENTATION_COMMENTS = YES;
				CLANG_WARN_EMPTY_BODY = YES;
				CLANG_WARN_ENUM_CONVERSION = YES;
				CLANG_WARN_INFINITE_RECURSION = YES;
				CLANG_WARN_INT_CONVERSION = YES;
				CLANG_WARN_NON_LITERAL_NULL_CONVERSION = YES;
				CLANG_WARN_OBJC_IMPLICIT_RETAIN_SELF = YES;
				CLANG_WARN_OBJC_LITERAL_CONVERSION = YES;
				CLANG_WARN_OBJC_ROOT_CLASS = YES_ERROR;
				CLANG_WARN_RANGE_LOOP_ANALYSIS = YES;
				CLANG_WARN_STRICT_PROTOTYPES = YES;
				CLANG_WARN_SUSPICIOUS_MOVE = YES;
				CLANG_WARN_UNGUARDED_AVAILABILITY = YES_AGGRESSIVE;
				CLANG_WARN_UNREACHABLE_CODE = YES;
				CLANG_WARN__DUPLICATE_METHOD_MATCH = YES;
				CODE_SIGN_IDENTITY = "iPhone Developer";
				COPY_PHASE_STRIP = NO;
				DEBUG_INFORMATION_FORMAT = "dwarf-with-dsym";
				ENABLE_NS_ASSERTIONS = NO;
				ENABLE_STRICT_OBJC_MSGSEND = YES;
				GCC_C_LANGUAGE_STANDARD = gnu11;
				GCC_NO_COMMON_BLOCKS = YES;
				GCC_WARN_64_TO_32_BIT_CONVERSION = YES;
				GCC_WARN_ABOUT_RETURN_TYPE = YES_ERROR;
				GCC_WARN_UNDECLARED_SELECTOR = YES;
				GCC_WARN_UNINITIALIZED_AUTOS = YES_AGGRESSIVE;
				GCC_WARN_UNUSED_FUNCTION = YES;
				GCC_WARN_UNUSED_VARIABLE = YES;
				IPHONEOS_DEPLOYMENT_TARGET = 12.2;
				MTL_ENABLE_DEBUG_INFO = NO;
				MTL_FAST_MATH = YES;
				SDKROOT = iphoneos;
				SWIFT_COMPILATION_MODE = wholemodule;
				SWIFT_OPTIMIZATION_LEVEL = "-O";
				VALIDATE_PRODUCT = YES;
			};
			name = Release;
		};
		155188F822CC7ABF00D46663 /* Debug */ = {
			isa = XCBuildConfiguration;
			baseConfigurationReference = 6F36920C52CA1F4DF235EF1E /* Pods-URTH.debug.xcconfig */;
			buildSettings = {
				ASSETCATALOG_COMPILER_APPICON_NAME = AppIcon;
				CODE_SIGN_STYLE = Automatic;
				DEVELOPMENT_TEAM = BCT9Z76PB5;
				INFOPLIST_FILE = URTH/Info.plist;
				LD_RUNPATH_SEARCH_PATHS = (
					"$(inherited)",
					"@executable_path/Frameworks",
				);
				PRODUCT_BUNDLE_IDENTIFIER = com.yong.URTH;
				PRODUCT_NAME = "$(TARGET_NAME)";
				SWIFT_VERSION = 5.0;
				TARGETED_DEVICE_FAMILY = "1,2";
			};
			name = Debug;
		};
		155188F922CC7ABF00D46663 /* Release */ = {
			isa = XCBuildConfiguration;
			baseConfigurationReference = E56AB25FED611C9182D9CAAE /* Pods-URTH.release.xcconfig */;
			buildSettings = {
				ASSETCATALOG_COMPILER_APPICON_NAME = AppIcon;
				CODE_SIGN_STYLE = Automatic;
				DEVELOPMENT_TEAM = BCT9Z76PB5;
				INFOPLIST_FILE = URTH/Info.plist;
				LD_RUNPATH_SEARCH_PATHS = (
					"$(inherited)",
					"@executable_path/Frameworks",
				);
				PRODUCT_BUNDLE_IDENTIFIER = com.yong.URTH;
				PRODUCT_NAME = "$(TARGET_NAME)";
				SWIFT_VERSION = 5.0;
				TARGETED_DEVICE_FAMILY = "1,2";
			};
			name = Release;
		};
/* End XCBuildConfiguration section */

/* Begin XCConfigurationList section */
		155188E022CC7ABD00D46663 /* Build configuration list for PBXProject "URTH" */ = {
			isa = XCConfigurationList;
			buildConfigurations = (
				155188F522CC7ABF00D46663 /* Debug */,
				155188F622CC7ABF00D46663 /* Release */,
			);
			defaultConfigurationIsVisible = 0;
			defaultConfigurationName = Release;
		};
		155188F722CC7ABF00D46663 /* Build configuration list for PBXNativeTarget "URTH" */ = {
			isa = XCConfigurationList;
			buildConfigurations = (
				155188F822CC7ABF00D46663 /* Debug */,
				155188F922CC7ABF00D46663 /* Release */,
			);
			defaultConfigurationIsVisible = 0;
			defaultConfigurationName = Release;
		};
/* End XCConfigurationList section */
	};
	rootObject = 155188DD22CC7ABD00D46663 /* Project object */;
}
